
Microsoft Visual Studio Solution File, Format Version 12.00
# Visual Studio 15
VisualStudioVersion = 15.0.28307.271
MinimumVisualStudioVersion = 10.0.40219.1
Project("{FAE04EC0-301F-11D3-BF4B-00C04F79EFBC}") = "AutoComplete", "AutoComplete\AutoComplete.csproj", "{5D7A987A-FE0D-4CC9-8690-6606954EB8C5}"
EndProject
Project("{FAE04EC0-301F-11D3-BF4B-00C04F79EFBC}") = "WebApi", "WebApi\WebApi.csproj", "{387582BF-2919-4D56-B088-C83E180F0A3B}"
EndProject
Project("{FAE04EC0-301F-11D3-BF4B-00C04F79EFBC}") = "UnifiedInterface", "UnifiedInterface\UnifiedInterface.csproj", "{59A8B71A-DC33-49E8-B5EA-8126CB6555AA}"
EndProject
Global
	GlobalSection(SolutionConfigurationPlatforms) = preSolution
		Debug|Any CPU = Debug|Any CPU
		Release|Any CPU = Release|Any CPU
	EndGlobalSection
	GlobalSection(ProjectConfigurationPlatforms) = postSolution
		{5D7A987A-FE0D-4CC9-8690-6606954EB8C5}.Debug|Any CPU.ActiveCfg = Debug|Any CPU
		{5D7A987A-FE0D-4CC9-8690-6606954EB8C5}.Debug|Any CPU.Build.0 = Debug|Any CPU
		{5D7A987A-FE0D-4CC9-8690-6606954EB8C5}.Release|Any CPU.ActiveCfg = Release|Any CPU
		{5D7A987A-FE0D-4CC9-8690-6606954EB8C5}.Release|Any CPU.Build.0 = Release|Any CPU
		{387582BF-2919-4D56-B088-C83E180F0A3B}.Debug|Any CPU.ActiveCfg = Debug|Any CPU
		{387582BF-2919-4D56-B088-C83E180F0A3B}.Debug|Any CPU.Build.0 = Debug|Any CPU
		{387582BF-2919-4D56-B088-C83E180F0A3B}.Release|Any CPU.ActiveCfg = Release|Any CPU
		{387582BF-2919-4D56-B088-C83E180F0A3B}.Release|Any CPU.Build.0 = Release|Any CPU
		{59A8B71A-DC33-49E8-B5EA-8126CB6555AA}.Debug|Any CPU.ActiveCfg = Debug|Any CPU
		{59A8B71A-DC33-49E8-B5EA-8126CB6555AA}.Debug|Any CPU.Build.0 = Debug|Any CPU
		{59A8B71A-DC33-49E8-B5EA-8126CB6555AA}.Release|Any CPU.ActiveCfg = Release|Any CPU
		{59A8B71A-DC33-49E8-B5EA-8126CB6555AA}.Release|Any CPU.Build.0 = Release|Any CPU
	EndGlobalSection
	GlobalSection(SolutionProperties) = preSolution
		HideSolutionNode = FALSE
	EndGlobalSection
	GlobalSection(ExtensibilityGlobals) = postSolution
		SolutionGuid = {2B7E5E4F-3ED0-41B3-80F5-046C5369B994}
	EndGlobalSection
EndGlobal
